
Microsoft Visual Studio Solution File, Format Version 12.00
# Visual Studio Version 17
VisualStudioVersion = 17.0.32014.148
MinimumVisualStudioVersion = 10.0.40219.1
Project("{FAE04EC0-301F-11D3-BF4B-00C04F79EFBC}") = "C-sharp-Tutorial-If-Statements", "C-sharp-Tutorial-If-Statements\C-sharp-Tutorial-If-Statements.csproj", "{B48E36A4-0DF6-4D10-BD74-5C1DD07C5910}"
EndProject
Global
	GlobalSection(SolutionConfigurationPlatforms) = preSolution
		Debug|Any CPU = Debug|Any CPU
		Release|Any CPU = Release|Any CPU
	EndGlobalSection
	GlobalSection(ProjectConfigurationPlatforms) = postSolution
		{B48E36A4-0DF6-4D10-BD74-5C1DD07C5910}.Debug|Any CPU.ActiveCfg = Debug|Any CPU
		{B48E36A4-0DF6-4D10-BD74-5C1DD07C5910}.Debug|Any CPU.Build.0 = Debug|Any CPU
		{B48E36A4-0DF6-4D10-BD74-5C1DD07C5910}.Release|Any CPU.ActiveCfg = Release|Any CPU
		{B48E36A4-0DF6-4D10-BD74-5C1DD07C5910}.Release|Any CPU.Build.0 = Release|Any CPU
	EndGlobalSection
	GlobalSection(SolutionProperties) = preSolution
		HideSolutionNode = FALSE
	EndGlobalSection
	GlobalSection(ExtensibilityGlobals) = postSolution
		SolutionGuid = {5DC10065-78C8-4C3A-8FBB-C461D78315EB}
	EndGlobalSection
EndGlobal
